
Microsoft Visual Studio Solution File, Format Version 12.00
# Visual Studio Version 16
VisualStudioVersion = 16.0.30523.141
MinimumVisualStudioVersion = 10.0.40219.1
Project("{FAE04EC0-301F-11D3-BF4B-00C04F79EFBC}") = "SecureWeb", "SecureWeb\SecureWeb.csproj", "{617814BF-7D7E-4E4D-BCA1-8469B79405B0}"
EndProject
Global
	GlobalSection(SolutionConfigurationPlatforms) = preSolution
		Debug|Any CPU = Debug|Any CPU
		Release|Any CPU = Release|Any CPU
	EndGlobalSection
	GlobalSection(ProjectConfigurationPlatforms) = postSolution
		{617814BF-7D7E-4E4D-BCA1-8469B79405B0}.Debug|Any CPU.ActiveCfg = Debug|Any CPU
		{617814BF-7D7E-4E4D-BCA1-8469B79405B0}.Debug|Any CPU.Build.0 = Debug|Any CPU
		{617814BF-7D7E-4E4D-BCA1-8469B79405B0}.Release|Any CPU.ActiveCfg = Release|Any CPU
		{617814BF-7D7E-4E4D-BCA1-8469B79405B0}.Release|Any CPU.Build.0 = Release|Any CPU
	EndGlobalSection
	GlobalSection(SolutionProperties) = preSolution
		HideSolutionNode = FALSE
	EndGlobalSection
	GlobalSection(ExtensibilityGlobals) = postSolution
		SolutionGuid = {7ED71884-6E32-47D0-A513-51447640EB1A}
	EndGlobalSection
EndGlobal
